dependencies:
- name: eck-operator
  repository: https://helm.elastic.co
  version: 2.11.1
- name: opensearch
  repository: https://opensearch-project.github.io/helm-charts/
  version: 2.19.0
digest: sha256:38de352d3872b5771101c1b30274972ee2e87790e55ca6b0fb60e238be505a19
generated: "2024-05-01T02:11:24.465350771Z"
