dependencies:
- name: eck-operator
  repository: https://helm.elastic.co
  version: 2.13.0
- name: opensearch
  repository: https://opensearch-project.github.io/helm-charts/
  version: 2.20.0
digest: sha256:ea08b326b6477eac91d0d73649fa1f55804e3882819577a88874d63d378cfca2
generated: "2024-07-01T00:34:59.942202428Z"
