dependencies:
- name: netobserv-flow
  repository: https://elastiflow.github.io/helm-chart-netobserv/
  version: 0.3.0
- name: opensearch
  repository: https://opensearch-project.github.io/helm-charts/
  version: 3.3.0
- name: opensearch-dashboards
  repository: https://opensearch-project.github.io/helm-charts/
  version: 3.3.0
digest: sha256:b62772dc93fab804fb00a741e55772f1971244cc4f10c63028aeab059112bcef
generated: "2025-10-20T12:25:57.421702-04:00"
