dependencies:
- name: netobserv-flow
  repository: https://elastiflow.github.io/helm-chart-netobserv/
  version: 0.5.2
- name: opensearch
  repository: https://opensearch-project.github.io/helm-charts/
  version: 3.3.2
- name: opensearch-dashboards
  repository: https://opensearch-project.github.io/helm-charts/
  version: 3.3.0
digest: sha256:733938b114579e747f5ebaa0f70d2737ed13fa5c8f7f235368c61f53a005875e
generated: "2025-11-07T11:10:30.630243-05:00"
